
Microsoft Visual Studio Solution File, Format Version 12.00
# Visual Studio Version 17
VisualStudioVersion = 17.0.31903.59
MinimumVisualStudioVersion = 10.0.40219.1
Project("{2150E333-8FDC-42A3-9474-1A3956D46DE8}") = "app", "app", "{7BE7BBDA-1A7C-410E-8B9D-E9C82E413E2E}"
EndProject
Project("{FAE04EC0-301F-11D3-BF4B-00C04F79EFBC}") = "Terse", "app\Terse\Terse.csproj", "{A5ABE30E-0480-4897-AB85-72A2BEDD7868}"
EndProject
Global
	GlobalSection(SolutionConfigurationPlatforms) = preSolution
		Debug|Any CPU = Debug|Any CPU
		Release|Any CPU = Release|Any CPU
	EndGlobalSection
	GlobalSection(SolutionProperties) = preSolution
		HideSolutionNode = FALSE
	EndGlobalSection
	GlobalSection(ProjectConfigurationPlatforms) = postSolution
		{A5ABE30E-0480-4897-AB85-72A2BEDD7868}.Debug|Any CPU.ActiveCfg = Debug|Any CPU
		{A5ABE30E-0480-4897-AB85-72A2BEDD7868}.Debug|Any CPU.Build.0 = Debug|Any CPU
		{A5ABE30E-0480-4897-AB85-72A2BEDD7868}.Release|Any CPU.ActiveCfg = Release|Any CPU
		{A5ABE30E-0480-4897-AB85-72A2BEDD7868}.Release|Any CPU.Build.0 = Release|Any CPU
	EndGlobalSection
	GlobalSection(NestedProjects) = preSolution
		{A5ABE30E-0480-4897-AB85-72A2BEDD7868} = {7BE7BBDA-1A7C-410E-8B9D-E9C82E413E2E}
	EndGlobalSection
EndGlobal
